
Microsoft Visual Studio Solution File, Format Version 12.00
# Visual Studio Version 17
VisualStudioVersion = 17.2.32616.157
MinimumVisualStudioVersion = 10.0.40219.1
Project("{9A19103F-16F7-4668-BE54-9A1E7A4F7556}") = "RecipeHub.API", "RecipeHub.API\RecipeHub.API.csproj", "{DBD1EE7E-D90D-4091-8B6A-50E91F4F4F99}"
EndProject
Project("{FAE04EC0-301F-11D3-BF4B-00C04F79EFBC}") = "RecipeHub.ClassLib", "RecipeHub.ClassLib\RecipeHub.ClassLib.csproj", "{C23CB8D6-5478-4EB6-9FEB-FDA564E8D9A0}"
EndProject
Global
	GlobalSection(SolutionConfigurationPlatforms) = preSolution
		Debug|Any CPU = Debug|Any CPU
		Release|Any CPU = Release|Any CPU
	EndGlobalSection
	GlobalSection(ProjectConfigurationPlatforms) = postSolution
		{DBD1EE7E-D90D-4091-8B6A-50E91F4F4F99}.Debug|Any CPU.ActiveCfg = Debug|Any CPU
		{DBD1EE7E-D90D-4091-8B6A-50E91F4F4F99}.Debug|Any CPU.Build.0 = Debug|Any CPU
		{DBD1EE7E-D90D-4091-8B6A-50E91F4F4F99}.Release|Any CPU.ActiveCfg = Release|Any CPU
		{DBD1EE7E-D90D-4091-8B6A-50E91F4F4F99}.Release|Any CPU.Build.0 = Release|Any CPU
		{C23CB8D6-5478-4EB6-9FEB-FDA564E8D9A0}.Debug|Any CPU.ActiveCfg = Debug|Any CPU
		{C23CB8D6-5478-4EB6-9FEB-FDA564E8D9A0}.Debug|Any CPU.Build.0 = Debug|Any CPU
		{C23CB8D6-5478-4EB6-9FEB-FDA564E8D9A0}.Release|Any CPU.ActiveCfg = Release|Any CPU
		{C23CB8D6-5478-4EB6-9FEB-FDA564E8D9A0}.Release|Any CPU.Build.0 = Release|Any CPU
	EndGlobalSection
	GlobalSection(SolutionProperties) = preSolution
		HideSolutionNode = FALSE
	EndGlobalSection
	GlobalSection(ExtensibilityGlobals) = postSolution
		SolutionGuid = {6872E745-F7EE-4EC2-A73C-D9656BD5D986}
	EndGlobalSection
EndGlobal
